// !$*UTF8*$!
{
	archiveVersion = 1;
	classes = {
	};
	objectVersion = 50;
	objects = {

/* Begin PBXBuildFile section */
		1A62C66C267E97C500A47AEC /* AppDelegate.swift in Sources */ = {isa = PBXBuildFile; fileRef = 1A62C66B267E97C500A47AEC /* AppDelegate.swift */; };
		1A62C66E267E97C500A47AEC /* SceneDelegate.swift in Sources */ = {isa = PBXBuildFile; fileRef = 1A62C66D267E97C500A47AEC /* SceneDelegate.swift */; };
		1A62C675267E97C600A47AEC /* Assets.xcassets in Resources */ = {isa = PBXBuildFile; fileRef = 1A62C674267E97C600A47AEC /* Assets.xcassets */; };
		1A62C678267E97C600A47AEC /* LaunchScreen.storyboard in Resources */ = {isa = PBXBuildFile; fileRef = 1A62C676267E97C600A47AEC /* LaunchScreen.storyboard */; };
		426B50422684FE410062B510 /* MainViewController.swift in Sources */ = {isa = PBXBuildFile; fileRef = 426B50402684FE410062B510 /* MainViewController.swift */; };
		426B50432684FE410062B510 /* MainViewController.xib in Resources */ = {isa = PBXBuildFile; fileRef = 426B50412684FE410062B510 /* MainViewController.xib */; };
		4283566A26892A3000CE6F78 /* FaceDetectionViewController.swift in Sources */ = {isa = PBXBuildFile; fileRef = 4283566826892A3000CE6F78 /* FaceDetectionViewController.swift */; };
		4283566B26892A3000CE6F78 /* FaceDetectionViewController.xib in Resources */ = {isa = PBXBuildFile; fileRef = 4283566926892A3000CE6F78 /* FaceDetectionViewController.xib */; };
/* End PBXBuildFile section */

/* Begin PBXFileReference section */
		1A62C668267E97C500A47AEC /* Face-Recognition-Demo.app */ = {isa = PBXFileReference; explicitFileType = wrapper.application; includeInIndex = 0; path = "Face-Recognition-Demo.app"; sourceTree = BUILT_PRODUCTS_DIR; };
		1A62C66B267E97C500A47AEC /* AppDelegate.swift */ = {isa = PBXFileReference; lastKnownFileType = sourcecode.swift; path = AppDelegate.swift; sourceTree = "<group>"; };
		1A62C66D267E97C500A47AEC /* SceneDelegate.swift */ = {isa = PBXFileReference; lastKnownFileType = sourcecode.swift; path = SceneDelegate.swift; sourceTree = "<group>"; };
		1A62C674267E97C600A47AEC /* Assets.xcassets */ = {isa = PBXFileReference; lastKnownFileType = folder.assetcatalog; path = Assets.xcassets; sourceTree = "<group>"; };
		1A62C677267E97C600A47AEC /* Base */ = {isa = PBXFileReference; lastKnownFileType = file.storyboard; name = Base; path = Base.lproj/LaunchScreen.storyboard; sourceTree = "<group>"; };
		1A62C679267E97C600A47AEC /* Info.plist */ = {isa = PBXFileReference; lastKnownFileType = text.plist.xml; path = Info.plist; sourceTree = "<group>"; };
		426B50402684FE410062B510 /* MainViewController.swift */ = {isa = PBXFileReference; lastKnownFileType = sourcecode.swift; path = MainViewController.swift; sourceTree = "<group>"; };
		426B50412684FE410062B510 /* MainViewController.xib */ = {isa = PBXFileReference; lastKnownFileType = file.xib; path = MainViewController.xib; sourceTree = "<group>"; };
		4283566826892A3000CE6F78 /* FaceDetectionViewController.swift */ = {isa = PBXFileReference; lastKnownFileType = sourcecode.swift; path = FaceDetectionViewController.swift; sourceTree = "<group>"; };
		4283566926892A3000CE6F78 /* FaceDetectionViewController.xib */ = {isa = PBXFileReference; lastKnownFileType = file.xib; path = FaceDetectionViewController.xib; sourceTree = "<group>"; };
		42FFBE39268288BC00CB9CB0 /* README.md */ = {isa = PBXFileReference; lastKnownFileType = net.daringfireball.markdown; path = README.md; sourceTree = "<group>"; };
/* End PBXFileReference section */

/* Begin PBXFrameworksBuildPhase section */
		1A62C665267E97C500A47AEC /* Frameworks */ = {
			isa = PBXFrameworksBuildPhase;
			buildActionMask = 2147483647;
			files = (
			);
			runOnlyForDeploymentPostprocessing = 0;
		};
/* End PBXFrameworksBuildPhase section */

/* Begin PBXGroup section */
		1A62C65F267E97C500A47AEC = {
			isa = PBXGroup;
			children = (
				42FFBE39268288BC00CB9CB0 /* README.md */,
				1A62C66A267E97C500A47AEC /* Face-Recognition-Demo */,
				1A62C669267E97C500A47AEC /* Products */,
			);
			sourceTree = "<group>";
		};
		1A62C669267E97C500A47AEC /* Products */ = {
			isa = PBXGroup;
			children = (
				1A62C668267E97C500A47AEC /* Face-Recognition-Demo.app */,
			);
			name = Products;
			sourceTree = "<group>";
		};
		1A62C66A267E97C500A47AEC /* Face-Recognition-Demo */ = {
			isa = PBXGroup;
			children = (
				426B503D2684FE1A0062B510 /* Models */,
				426B503E2684FE200062B510 /* Views */,
				426B503F2684FE2B0062B510 /* Controllers */,
				1A62C66B267E97C500A47AEC /* AppDelegate.swift */,
				1A62C66D267E97C500A47AEC /* SceneDelegate.swift */,
				1A62C674267E97C600A47AEC /* Assets.xcassets */,
				1A62C676267E97C600A47AEC /* LaunchScreen.storyboard */,
				1A62C679267E97C600A47AEC /* Info.plist */,
			);
			path = "Face-Recognition-Demo";
			sourceTree = "<group>";
		};
		426B503D2684FE1A0062B510 /* Models */ = {
			isa = PBXGroup;
			children = (
			);
			path = Models;
			sourceTree = "<group>";
		};
		426B503E2684FE200062B510 /* Views */ = {
			isa = PBXGroup;
			children = (
				426B50412684FE410062B510 /* MainViewController.xib */,
				4283566926892A3000CE6F78 /* FaceDetectionViewController.xib */,
			);
			path = Views;
			sourceTree = "<group>";
		};
		426B503F2684FE2B0062B510 /* Controllers */ = {
			isa = PBXGroup;
			children = (
				426B50402684FE410062B510 /* MainViewController.swift */,
				4283566826892A3000CE6F78 /* FaceDetectionViewController.swift */,
			);
			path = Controllers;
			sourceTree = "<group>";
		};
/* End PBXGroup section */

/* Begin PBXNativeTarget section */
		1A62C667267E97C500A47AEC /* Face-Recognition-Demo */ = {
			isa = PBXNativeTarget;
			buildConfigurationList = 1A62C67C267E97C600A47AEC /* Build configuration list for PBXNativeTarget "Face-Recognition-Demo" */;
			buildPhases = (
				1A62C664267E97C500A47AEC /* Sources */,
				1A62C665267E97C500A47AEC /* Frameworks */,
				1A62C666267E97C500A47AEC /* Resources */,
			);
			buildRules = (
			);
			dependencies = (
			);
			name = "Face-Recognition-Demo";
			productName = "Face-Recognition-Demo";
			productReference = 1A62C668267E97C500A47AEC /* Face-Recognition-Demo.app */;
			productType = "com.apple.product-type.application";
		};
/* End PBXNativeTarget section */

/* Begin PBXProject section */
		1A62C660267E97C500A47AEC /* Project object */ = {
			isa = PBXProject;
			attributes = {
				LastSwiftUpdateCheck = 1170;
				LastUpgradeCheck = 1170;
				ORGANIZATIONNAME = "Aitor Zubizarreta";
				TargetAttributes = {
					1A62C667267E97C500A47AEC = {
						CreatedOnToolsVersion = 11.7;
					};
				};
			};
			buildConfigurationList = 1A62C663267E97C500A47AEC /* Build configuration list for PBXProject "Face-Recognition-Demo" */;
			compatibilityVersion = "Xcode 9.3";
			developmentRegion = en;
			hasScannedForEncodings = 0;
			knownRegions = (
				en,
				Base,
			);
			mainGroup = 1A62C65F267E97C500A47AEC;
			productRefGroup = 1A62C669267E97C500A47AEC /* Products */;
			projectDirPath = "";
			projectRoot = "";
			targets = (
				1A62C667267E97C500A47AEC /* Face-Recognition-Demo */,
			);
		};
/* End PBXProject section */

/* Begin PBXResourcesBuildPhase section */
		1A62C666267E97C500A47AEC /* Resources */ = {
			isa = PBXResourcesBuildPhase;
			buildActionMask = 2147483647;
			files = (
				1A62C678267E97C600A47AEC /* LaunchScreen.storyboard in Resources */,
				4283566B26892A3000CE6F78 /* FaceDetectionViewController.xib in Resources */,
				426B50432684FE410062B510 /* MainViewController.xib in Resources */,
				1A62C675267E97C600A47AEC /* Assets.xcassets in Resources */,
			);
			runOnlyForDeploymentPostprocessing = 0;
		};
/* End PBXResourcesBuildPhase section */

/* Begin PBXSourcesBuildPhase section */
		1A62C664267E97C500A47AEC /* Sources */ = {
			isa = PBXSourcesBuildPhase;
			buildActionMask = 2147483647;
			files = (
				1A62C66C267E97C500A47AEC /* AppDelegate.swift in Sources */,
				1A62C66E267E97C500A47AEC /* SceneDelegate.swift in Sources */,
				426B50422684FE410062B510 /* MainViewController.swift in Sources */,
				4283566A26892A3000CE6F78 /* FaceDetectionViewController.swift in Sources */,
			);
			runOnlyForDeploymentPostprocessing = 0;
		};
/* End PBXSourcesBuildPhase section */

/* Begin PBXVariantGroup section */
		1A62C676267E97C600A47AEC /* LaunchScreen.storyboard */ = {
			isa = PBXVariantGroup;
			children = (
				1A62C677267E97C600A47AEC /* Base */,
			);
			name = LaunchScreen.storyboard;
			sourceTree = "<group>";
		};
/* End PBXVariantGroup section */

/* Begin XCBuildConfiguration section */
		1A62C67A267E97C600A47AEC /* Debug */ = {
			isa = XCBuildConfiguration;
			buildSettings = {
				ALWAYS_SEARCH_USER_PATHS = NO;
				CLANG_ANALYZER_NONNULL = YES;
				CLANG_ANALYZER_NUMBER_OBJECT_CONVERSION = YES_AGGRESSIVE;
				CLANG_CXX_LANGUAGE_STANDARD = "gnu++14";
				CLANG_CXX_LIBRARY = "libc++";
				CLANG_ENABLE_MODULES = YES;
				CLANG_ENABLE_OBJC_ARC = YES;
				CLANG_ENABLE_OBJC_WEAK = YES;
				CLANG_WARN_BLOCK_CAPTURE_AUTORELEASING = YES;
				CLANG_WARN_BOOL_CONVERSION = YES;
				CLANG_WARN_COMMA = YES;
				CLANG_WARN_CONSTANT_CONVERSION = YES;
				CLANG_WARN_DEPRECATED_OBJC_IMPLEMENTATIONS = YES;
				CLANG_WARN_DIRECT_OBJC_ISA_USAGE = YES_ERROR;
				CLANG_WARN_DOCUMENTATION_COMMENTS = YES;
				CLANG_WARN_EMPTY_BODY = YES;
				CLANG_WARN_ENUM_CONVERSION = YES;
				CLANG_WARN_INFINITE_RECURSION = YES;
				CLANG_WARN_INT_CONVERSION = YES;
				CLANG_WARN_NON_LITERAL_NULL_CONVERSION = YES;
				CLANG_WARN_OBJC_IMPLICIT_RETAIN_SELF = YES;
				CLANG_WARN_OBJC_LITERAL_CONVERSION = YES;
				CLANG_WARN_OBJC_ROOT_CLASS = YES_ERROR;
				CLANG_WARN_RANGE_LOOP_ANALYSIS = YES;
				CLANG_WARN_STRICT_PROTOTYPES = YES;
				CLANG_WARN_SUSPICIOUS_MOVE = YES;
				CLANG_WARN_UNGUARDED_AVAILABILITY = YES_AGGRESSIVE;
				CLANG_WARN_UNREACHABLE_CODE = YES;
				CLANG_WARN__DUPLICATE_METHOD_MATCH = YES;
				COPY_PHASE_STRIP = NO;
				DEBUG_INFORMATION_FORMAT = dwarf;
				ENABLE_STRICT_OBJC_MSGSEND = YES;
				ENABLE_TESTABILITY = YES;
				GCC_C_LANGUAGE_STANDARD = gnu11;
				GCC_DYNAMIC_NO_PIC = NO;
				GCC_NO_COMMON_BLOCKS = YES;
				GCC_OPTIMIZATION_LEVEL = 0;
				GCC_PREPROCESSOR_DEFINITIONS = (
					"DEBUG=1",
					"$(inherited)",
				);
				GCC_WARN_64_TO_32_BIT_CONVERSION = YES;
				GCC_WARN_ABOUT_RETURN_TYPE = YES_ERROR;
				GCC_WARN_UNDECLARED_SELECTOR = YES;
				GCC_WARN_UNINITIALIZED_AUTOS = YES_AGGRESSIVE;
				GCC_WARN_UNUSED_FUNCTION = YES;
				GCC_WARN_UNUSED_VARIABLE = YES;
				IPHONEOS_DEPLOYMENT_TARGET = 13.7;
				MTL_ENABLE_DEBUG_INFO = INCLUDE_SOURCE;
				MTL_FAST_MATH = YES;
				ONLY_ACTIVE_ARCH = YES;
				SDKROOT = iphoneos;
				SWIFT_ACTIVE_COMPILATION_CONDITIONS = DEBUG;
				SWIFT_OPTIMIZATION_LEVEL = "-Onone";
			};
			name = Debug;
		};
		1A62C67B267E97C600A47AEC /* Release */ = {
			isa = XCBuildConfiguration;
			buildSettings = {
				ALWAYS_SEARCH_USER_PATHS = NO;
				CLANG_ANALYZER_NONNULL = YES;
				CLANG_ANALYZER_NUMBER_OBJECT_CONVERSION = YES_AGGRESSIVE;
				CLANG_CXX_LANGUAGE_STANDARD = "gnu++14";
				CLANG_CXX_LIBRARY = "libc++";
				CLANG_ENABLE_MODULES = YES;
				CLANG_ENABLE_OBJC_ARC = YES;
				CLANG_ENABLE_OBJC_WEAK = YES;
				CLANG_WARN_BLOCK_CAPTURE_AUTORELEASING = YES;
				CLANG_WARN_BOOL_CONVERSION = YES;
				CLANG_WARN_COMMA = YES;
				CLANG_WARN_CONSTANT_CONVERSION = YES;
				CLANG_WARN_DEPRECATED_OBJC_IMPLEMENTATIONS = YES;
				CLANG_WARN_DIRECT_OBJC_ISA_USAGE = YES_ERROR;
				CLANG_WARN_DOCUMENTATION_COMMENTS = YES;
				CLANG_WARN_EMPTY_BODY = YES;
				CLANG_WARN_ENUM_CONVERSION = YES;
				CLANG_WARN_INFINITE_RECURSION = YES;
				CLANG_WARN_INT_CONVERSION = YES;
				CLANG_WARN_NON_LITERAL_NULL_CONVERSION = YES;
				CLANG_WARN_OBJC_IMPLICIT_RETAIN_SELF = YES;
				CLANG_WARN_OBJC_LITERAL_CONVERSION = YES;
				CLANG_WARN_OBJC_ROOT_CLASS = YES_ERROR;
				CLANG_WARN_RANGE_LOOP_ANALYSIS = YES;
				CLANG_WARN_STRICT_PROTOTYPES = YES;
				CLANG_WARN_SUSPICIOUS_MOVE = YES;
				CLANG_WARN_UNGUARDED_AVAILABILITY = YES_AGGRESSIVE;
				CLANG_WARN_UNREACHABLE_CODE = YES;
				CLANG_WARN__DUPLICATE_METHOD_MATCH = YES;
				COPY_PHASE_STRIP = NO;
				DEBUG_INFORMATION_FORMAT = "dwarf-with-dsym";
				ENABLE_NS_ASSERTIONS = NO;
				ENABLE_STRICT_OBJC_MSGSEND = YES;
				GCC_C_LANGUAGE_STANDARD = gnu11;
				GCC_NO_COMMON_BLOCKS = YES;
				GCC_WARN_64_TO_32_BIT_CONVERSION = YES;
				GCC_WARN_ABOUT_RETURN_TYPE = YES_ERROR;
				GCC_WARN_UNDECLARED_SELECTOR = YES;
				GCC_WARN_UNINITIALIZED_AUTOS = YES_AGGRESSIVE;
				GCC_WARN_UNUSED_FUNCTION = YES;
				GCC_WARN_UNUSED_VARIABLE = YES;
				IPHONEOS_DEPLOYMENT_TARGET = 13.7;
				MTL_ENABLE_DEBUG_INFO = NO;
				MTL_FAST_MATH = YES;
				SDKROOT = iphoneos;
				SWIFT_COMPILATION_MODE = wholemodule;
				SWIFT_OPTIMIZATION_LEVEL = "-O";
				VALIDATE_PRODUCT = YES;
			};
			name = Release;
		};
		1A62C67D267E97C600A47AEC /* Debug */ = {
			isa = XCBuildConfiguration;
			buildSettings = {
				ASSETCATALOG_COMPILER_APPICON_NAME = AppIcon;
				CODE_SIGN_STYLE = Automatic;
				DEVELOPMENT_TEAM = V9WUS7ZBGW;
				INFOPLIST_FILE = "Face-Recognition-Demo/Info.plist";
				IPHONEOS_DEPLOYMENT_TARGET = 12.0;
				LD_RUNPATH_SEARCH_PATHS = (
					"$(inherited)",
					"@executable_path/Frameworks",
				);
				PRODUCT_BUNDLE_IDENTIFIER = "eus.aitorzubizarreta.Face-Recognition-Demo";
				PRODUCT_NAME = "$(TARGET_NAME)";
				SWIFT_VERSION = 5.0;
				TARGETED_DEVICE_FAMILY = 1;
			};
			name = Debug;
		};
		1A62C67E267E97C600A47AEC /* Release */ = {
			isa = XCBuildConfiguration;
			buildSettings = {
				ASSETCATALOG_COMPILER_APPICON_NAME = AppIcon;
				CODE_SIGN_STYLE = Automatic;
				DEVELOPMENT_TEAM = V9WUS7ZBGW;
				INFOPLIST_FILE = "Face-Recognition-Demo/Info.plist";
				IPHONEOS_DEPLOYMENT_TARGET = 12.0;
				LD_RUNPATH_SEARCH_PATHS = (
					"$(inherited)",
					"@executable_path/Frameworks",
				);
				PRODUCT_BUNDLE_IDENTIFIER = "eus.aitorzubizarreta.Face-Recognition-Demo";
				PRODUCT_NAME = "$(TARGET_NAME)";
				SWIFT_VERSION = 5.0;
				TARGETED_DEVICE_FAMILY = 1;
			};
			name = Release;
		};
/* End XCBuildConfiguration section */

/* Begin XCConfigurationList section */
		1A62C663267E97C500A47AEC /* Build configuration list for PBXProject "Face-Recognition-Demo" */ = {
			isa = XCConfigurationList;
			buildConfigurations = (
				1A62C67A267E97C600A47AEC /* Debug */,
				1A62C67B267E97C600A47AEC /* Release */,
			);
			defaultConfigurationIsVisible = 0;
			defaultConfigurationName = Release;
		};
		1A62C67C267E97C600A47AEC /* Build configuration list for PBXNativeTarget "Face-Recognition-Demo" */ = {
			isa = XCConfigurationList;
			buildConfigurations = (
				1A62C67D267E97C600A47AEC /* Debug */,
				1A62C67E267E97C600A47AEC /* Release */,
			);
			defaultConfigurationIsVisible = 0;
			defaultConfigurationName = Release;
		};
/* End XCConfigurationList section */
	};
	rootObject = 1A62C660267E97C500A47AEC /* Project object */;
}
